
Microsoft Visual Studio Solution File, Format Version 12.00
# Visual Studio Version 17
VisualStudioVersion = 17.8.34330.188
MinimumVisualStudioVersion = 10.0.40219.1
Project("{FAE04EC0-301F-11D3-BF4B-00C04F79EFBC}") = "Tortoise", "Tortoise.csproj", "{8491A78E-3042-4A68-BB2C-C38A164C8DBD}"
EndProject
Global
	GlobalSection(SolutionConfigurationPlatforms) = preSolution
		Debug|Any CPU = Debug|Any CPU
		Release|Any CPU = Release|Any CPU
	EndGlobalSection
	GlobalSection(ProjectConfigurationPlatforms) = postSolution
		{8491A78E-3042-4A68-BB2C-C38A164C8DBD}.Debug|Any CPU.ActiveCfg = Debug|Any CPU
		{8491A78E-3042-4A68-BB2C-C38A164C8DBD}.Debug|Any CPU.Build.0 = Debug|Any CPU
		{8491A78E-3042-4A68-BB2C-C38A164C8DBD}.Release|Any CPU.ActiveCfg = Release|Any CPU
		{8491A78E-3042-4A68-BB2C-C38A164C8DBD}.Release|Any CPU.Build.0 = Release|Any CPU
	EndGlobalSection
	GlobalSection(SolutionProperties) = preSolution
		HideSolutionNode = FALSE
	EndGlobalSection
	GlobalSection(ExtensibilityGlobals) = postSolution
		SolutionGuid = {498C6934-95D5-4C29-9930-7EFCD5F77D3E}
	EndGlobalSection
EndGlobal
